{
  "name": "wasi-buf-tests",
  "lockfileVersion": 3,
  "requires": true,
  "packages": {
    "": {
      "name": "wasi-buf-tests",
      "devDependencies": {
        "@ai-ecoverse/slicc-kernel": "1.8.0",
        "@ai-ecoverse/wasm-git": "2.55.0-8"
      }
    },
    "node_modules/@ai-ecoverse/slicc-kernel": {
      "version": "1.8.0",
      "resolved": "https://registry.npmjs.org/@ai-ecoverse/slicc-kernel/-/slicc-kernel-1.8.0.tgz",
      "integrity": "sha512-z6hCq6DcR2kwo6rCjZJMIY1bZJwRkw8+p0Oyluxj2igmtupSqmE1ZOAZqWeHIGQltLx0N4Cz+t3WVCdiovuwlw==",
      "dev": true,
      "license": "Apache-2.0",
      "engines": {
        "node": ">=24"
      }
    },
    "node_modules/@ai-ecoverse/wasm-git": {
      "version": "2.55.0-8",
      "resolved": "https://registry.npmjs.org/@ai-ecoverse/wasm-git/-/wasm-git-2.55.0-8.tgz",
      "integrity": "sha512-gQ5VdLQOP22fffPQSgaOuqoapiOKCjcEJGSpSu6bKPGFkT8GyuD+paZf8FPM/cH+IIvylW9YmpkG/Am0jdYbQA==",
      "dev": true,
      "license": "GPL-2.0-only"
    }
  }
}
