{
  "name": "wasi-pnpm-tests",
  "lockfileVersion": 3,
  "requires": true,
  "packages": {
    "": {
      "name": "wasi-pnpm-tests",
      "devDependencies": {
        "@ai-ecoverse/slicc-kernel": "1.7.0",
        "@ai-ecoverse/wasm-git": "2.55.0-8",
        "@ai-ecoverse/wasm-tls-engine": "3.6.5-1"
      }
    },
    "node_modules/@ai-ecoverse/slicc-kernel": {
      "version": "1.7.0",
      "resolved": "https://registry.npmjs.org/@ai-ecoverse/slicc-kernel/-/slicc-kernel-1.7.0.tgz",
      "integrity": "sha512-HRjlQR6KxXJHuMMLHyD8i2ta0q6+i3p2sfXoizNSQ+gs3NIxTPSqnwN2x12ZWWt/H5oWDWgjdxtExKD9US2Mfg==",
      "dev": true,
      "license": "Apache-2.0",
      "engines": {
        "node": ">=24"
      }
    },
    "node_modules/@ai-ecoverse/wasm-git": {
      "version": "2.55.0-8",
      "resolved": "https://registry.npmjs.org/@ai-ecoverse/wasm-git/-/wasm-git-2.55.0-8.tgz",
      "integrity": "sha512-gQ5VdLQOP22fffPQSgaOuqoapiOKCjcEJGSpSu6bKPGFkT8GyuD+paZf8FPM/cH+IIvylW9YmpkG/Am0jdYbQA==",
      "dev": true,
      "license": "GPL-2.0-only"
    },
    "node_modules/@ai-ecoverse/wasm-tls-engine": {
      "version": "3.6.5-1",
      "resolved": "https://registry.npmjs.org/@ai-ecoverse/wasm-tls-engine/-/wasm-tls-engine-3.6.5-1.tgz",
      "integrity": "sha512-4dy6QCAUwpN6EG7njdeYDmtNXpy1+3jU+qLuwl6/dOs7S+fO/Ybcs+XfZWgp9LFUYEE1mQfr+8bqkgiOwK8RnQ==",
      "dev": true,
      "license": "Apache-2.0"
    }
  }
}
