{
  "name": "wasi-pnpm-tests",
  "lockfileVersion": 3,
  "requires": true,
  "packages": {
    "": {
      "name": "wasi-pnpm-tests",
      "devDependencies": {
        "@ai-ecoverse/slicc-kernel": "1.23.0",
        "@ai-ecoverse/wasm-bash": "5.3.0-8",
        "@ai-ecoverse/wasm-git": "2.55.0-8",
        "@ai-ecoverse/wasm-tls-engine": "3.6.5-1"
      }
    },
    "node_modules/@ai-ecoverse/slicc-kernel": {
      "version": "1.23.0",
      "resolved": "https://registry.npmjs.org/@ai-ecoverse/slicc-kernel/-/slicc-kernel-1.23.0.tgz",
      "integrity": "sha512-pljXmgz8RbKGU9C7OyfWw3/glqzGVLb85Mty+lKiboKisz38PvkaZAoutGpBMTCXlXhZ5MDpw5OScf7MTIQ3YA==",
      "dev": true,
      "license": "Apache-2.0",
      "engines": {
        "node": ">=24"
      }
    },
    "node_modules/@ai-ecoverse/wasm-bash": {
      "version": "5.3.0-8",
      "resolved": "https://registry.npmjs.org/@ai-ecoverse/wasm-bash/-/wasm-bash-5.3.0-8.tgz",
      "integrity": "sha512-5ZV/N3qcfPBYfMYhGut9psL3RF7sKRvJ+1KBChnbFSntNFe4vEkR4WsTBIrMIlItJm20bG3NFUFVR2tYDa/MPQ==",
      "dev": true,
      "license": "GPL-3.0-or-later"
    },
    "node_modules/@ai-ecoverse/wasm-git": {
      "version": "2.55.0-8",
      "resolved": "https://registry.npmjs.org/@ai-ecoverse/wasm-git/-/wasm-git-2.55.0-8.tgz",
      "integrity": "sha512-gQ5VdLQOP22fffPQSgaOuqoapiOKCjcEJGSpSu6bKPGFkT8GyuD+paZf8FPM/cH+IIvylW9YmpkG/Am0jdYbQA==",
      "dev": true,
      "license": "GPL-2.0-only"
    },
    "node_modules/@ai-ecoverse/wasm-tls-engine": {
      "version": "3.6.5-1",
      "resolved": "https://registry.npmjs.org/@ai-ecoverse/wasm-tls-engine/-/wasm-tls-engine-3.6.5-1.tgz",
      "integrity": "sha512-4dy6QCAUwpN6EG7njdeYDmtNXpy1+3jU+qLuwl6/dOs7S+fO/Ybcs+XfZWgp9LFUYEE1mQfr+8bqkgiOwK8RnQ==",
      "dev": true,
      "license": "Apache-2.0"
    }
  }
}
