{
  "name": "wasi-impeccable-tests",
  "lockfileVersion": 3,
  "requires": true,
  "packages": {
    "": {
      "name": "wasi-impeccable-tests",
      "devDependencies": {
        "@ai-ecoverse/slicc-kernel": "1.15.1"
      }
    },
    "node_modules/@ai-ecoverse/slicc-kernel": {
      "version": "1.15.1",
      "resolved": "https://registry.npmjs.org/@ai-ecoverse/slicc-kernel/-/slicc-kernel-1.15.1.tgz",
      "integrity": "sha512-KXbl/JbO5BlETL9pJN3mibPvs/SqaLIBu5p+Lf+o6+2Av+bGsrFjSr1wrSoKCkQDwgLEqYAxb7tK1eoQQAT0DA==",
      "dev": true,
      "license": "Apache-2.0",
      "engines": {
        "node": ">=24"
      }
    }
  }
}
