{
  "name": "wasi-protoc-gen-connect-go-tests",
  "lockfileVersion": 3,
  "requires": true,
  "packages": {
    "": {
      "name": "wasi-protoc-gen-connect-go-tests",
      "devDependencies": {
        "@ai-ecoverse/slicc-kernel": "1.8.0",
        "@ai-ecoverse/wasi-buf": "1.73.0-1"
      }
    },
    "node_modules/@ai-ecoverse/slicc-kernel": {
      "version": "1.8.0",
      "resolved": "https://registry.npmjs.org/@ai-ecoverse/slicc-kernel/-/slicc-kernel-1.8.0.tgz",
      "integrity": "sha512-z6hCq6DcR2kwo6rCjZJMIY1bZJwRkw8+p0Oyluxj2igmtupSqmE1ZOAZqWeHIGQltLx0N4Cz+t3WVCdiovuwlw==",
      "dev": true,
      "license": "Apache-2.0",
      "engines": {
        "node": ">=24"
      }
    },
    "node_modules/@ai-ecoverse/wasi-buf": {
      "version": "1.73.0-1",
      "resolved": "https://registry.npmjs.org/@ai-ecoverse/wasi-buf/-/wasi-buf-1.73.0-1.tgz",
      "integrity": "sha512-1/a4mYKKt69WSZg1SJMnNcRzNBdUkJY/xRJamdMpTglR9MON5o9ImHwl+b/LRYEAgwsTCivTzbg+aK4amKDbFA==",
      "dev": true,
      "license": "Apache-2.0",
      "engines": {
        "slicc-kernel": ">=1.8.0"
      }
    }
  }
}
