{
  "name": "slicc-shims-test",
  "lockfileVersion": 3,
  "requires": true,
  "packages": {
    "": {
      "name": "slicc-shims-test",
      "devDependencies": {
        "@ai-ecoverse/slicc-kernel": "1.28.0",
        "slicc-kernel-1-26": "npm:@ai-ecoverse/slicc-kernel@1.26.6",
        "slicc-kernel-1-44": "npm:@ai-ecoverse/slicc-kernel@1.44.0"
      }
    },
    "node_modules/@ai-ecoverse/slicc-kernel": {
      "version": "1.28.0",
      "resolved": "https://registry.npmjs.org/@ai-ecoverse/slicc-kernel/-/slicc-kernel-1.28.0.tgz",
      "integrity": "sha512-2uJEagrvznKYzVQEYwM1aR5QGW+Tcf2HSTkjosxQVPYpLIsUw1ktLxgdiRYODO6FZtpSAU3u+NwDLLA9DZbvZg==",
      "dev": true,
      "license": "Apache-2.0",
      "engines": {
        "node": ">=24"
      }
    },
    "node_modules/slicc-kernel-1-26": {
      "name": "@ai-ecoverse/slicc-kernel",
      "version": "1.26.6",
      "resolved": "https://registry.npmjs.org/@ai-ecoverse/slicc-kernel/-/slicc-kernel-1.26.6.tgz",
      "integrity": "sha512-ibgldzxQUjHhBHcZRBOvPmGme1Hazbuif7bl9dOVFK1XaZ7ZK97q6NTGS18cc9qw9bYdJzgBO7YL3kevmEJLeA==",
      "dev": true,
      "license": "Apache-2.0",
      "engines": {
        "node": ">=24"
      }
    },
    "node_modules/slicc-kernel-1-44": {
      "name": "@ai-ecoverse/slicc-kernel",
      "version": "1.44.0",
      "resolved": "https://registry.npmjs.org/@ai-ecoverse/slicc-kernel/-/slicc-kernel-1.44.0.tgz",
      "integrity": "sha512-onKOfh3LI2o6r40VdxpWmTo1RWtzKuYasprvUkeCJIpAxxT3haSDqYnClKGU494fJNfjdewMOgZbebVoPZEB8w==",
      "dev": true,
      "license": "Apache-2.0",
      "engines": {
        "node": ">=24"
      }
    }
  }
}
